
Microsoft Visual Studio Solution File, Format Version 12.00
# Visual Studio 15
VisualStudioVersion = 15.0.28307.1622
MinimumVisualStudioVersion = 10.0.40219.1
Project("{FAE04EC0-301F-11D3-BF4B-00C04F79EFBC}") = "Persona", "Persona\Persona.csproj", "{4AD8A981-53B9-44FC-92E7-7CA6E03165CC}"
EndProject
Global
	GlobalSection(SolutionConfigurationPlatforms) = preSolution
		Debug|Any CPU = Debug|Any CPU
		Release|Any CPU = Release|Any CPU
	EndGlobalSection
	GlobalSection(ProjectConfigurationPlatforms) = postSolution
		{4AD8A981-53B9-44FC-92E7-7CA6E03165CC}.Debug|Any CPU.ActiveCfg = Debug|Any CPU
		{4AD8A981-53B9-44FC-92E7-7CA6E03165CC}.Debug|Any CPU.Build.0 = Debug|Any CPU
		{4AD8A981-53B9-44FC-92E7-7CA6E03165CC}.Release|Any CPU.ActiveCfg = Release|Any CPU
		{4AD8A981-53B9-44FC-92E7-7CA6E03165CC}.Release|Any CPU.Build.0 = Release|Any CPU
	EndGlobalSection
	GlobalSection(SolutionProperties) = preSolution
		HideSolutionNode = FALSE
	EndGlobalSection
	GlobalSection(ExtensibilityGlobals) = postSolution
		SolutionGuid = {83FB0E76-99BB-42FE-BC09-E8900AC47A54}
	EndGlobalSection
EndGlobal
