
Microsoft Visual Studio Solution File, Format Version 12.00
# Visual Studio 15
VisualStudioVersion = 15.0.28307.1705
MinimumVisualStudioVersion = 10.0.40219.1
Project("{159641D6-6404-4A2A-AE62-294DE0FE8301}") = "Ejercicio3", "Ejercicio3\Ejercicio3.dtproj", "{34ACFC2C-2B60-4F7B-89D9-A036B5036EE5}"
EndProject
Global
	GlobalSection(SolutionConfigurationPlatforms) = preSolution
		Development|Default = Development|Default
	EndGlobalSection
	GlobalSection(ProjectConfigurationPlatforms) = postSolution
		{34ACFC2C-2B60-4F7B-89D9-A036B5036EE5}.Development|Default.ActiveCfg = Development
		{34ACFC2C-2B60-4F7B-89D9-A036B5036EE5}.Development|Default.Build.0 = Development
	EndGlobalSection
	GlobalSection(SolutionProperties) = preSolution
		HideSolutionNode = FALSE
	EndGlobalSection
	GlobalSection(ExtensibilityGlobals) = postSolution
		SolutionGuid = {D82338B9-90F1-4247-AE20-82975A4F2BF6}
	EndGlobalSection
EndGlobal
